
Microsoft Visual Studio Solution File, Format Version 12.00
# Visual Studio Version 17
VisualStudioVersion = 17.8.34316.72
MinimumVisualStudioVersion = 10.0.40219.1
Project("{FAE04EC0-301F-11D3-BF4B-00C04F79EFBC}") = "RED.mbnq", "RED.mbnq.csproj", "{4D05E7A6-7651-4EDF-94C4-1F815E55F264}"
EndProject
Project("{FAE04EC0-301F-11D3-BF4B-00C04F79EFBC}") = "MaterialSkin", "MaterialSkin\MaterialSkin.csproj", "{8EB7611B-68CD-4B8B-987A-11717E2B250C}"
EndProject
Global
	GlobalSection(SolutionConfigurationPlatforms) = preSolution
		Debug|Any CPU = Debug|Any CPU
		Debug|x64 = Debug|x64
		Release|Any CPU = Release|Any CPU
		Release|x64 = Release|x64
	EndGlobalSection
	GlobalSection(ProjectConfigurationPlatforms) = postSolution
		{4D05E7A6-7651-4EDF-94C4-1F815E55F264}.Debug|Any CPU.ActiveCfg = Debug|Any CPU
		{4D05E7A6-7651-4EDF-94C4-1F815E55F264}.Debug|Any CPU.Build.0 = Debug|Any CPU
		{4D05E7A6-7651-4EDF-94C4-1F815E55F264}.Debug|x64.ActiveCfg = Release|x64
		{4D05E7A6-7651-4EDF-94C4-1F815E55F264}.Debug|x64.Build.0 = Release|x64
		{4D05E7A6-7651-4EDF-94C4-1F815E55F264}.Release|Any CPU.ActiveCfg = Release|Any CPU
		{4D05E7A6-7651-4EDF-94C4-1F815E55F264}.Release|Any CPU.Build.0 = Release|Any CPU
		{4D05E7A6-7651-4EDF-94C4-1F815E55F264}.Release|x64.ActiveCfg = Release|x64
		{4D05E7A6-7651-4EDF-94C4-1F815E55F264}.Release|x64.Build.0 = Release|x64
		{8EB7611B-68CD-4B8B-987A-11717E2B250C}.Debug|Any CPU.ActiveCfg = Debug|Any CPU
		{8EB7611B-68CD-4B8B-987A-11717E2B250C}.Debug|Any CPU.Build.0 = Debug|Any CPU
		{8EB7611B-68CD-4B8B-987A-11717E2B250C}.Debug|x64.ActiveCfg = Debug|Any CPU
		{8EB7611B-68CD-4B8B-987A-11717E2B250C}.Debug|x64.Build.0 = Debug|Any CPU
		{8EB7611B-68CD-4B8B-987A-11717E2B250C}.Release|Any CPU.ActiveCfg = Release|Any CPU
		{8EB7611B-68CD-4B8B-987A-11717E2B250C}.Release|Any CPU.Build.0 = Release|Any CPU
		{8EB7611B-68CD-4B8B-987A-11717E2B250C}.Release|x64.ActiveCfg = Release|Any CPU
		{8EB7611B-68CD-4B8B-987A-11717E2B250C}.Release|x64.Build.0 = Release|Any CPU
	EndGlobalSection
	GlobalSection(SolutionProperties) = preSolution
		HideSolutionNode = FALSE
	EndGlobalSection
	GlobalSection(ExtensibilityGlobals) = postSolution
		SolutionGuid = {7C582E78-0BA8-4542-BB50-C58DC2E4F673}
	EndGlobalSection
EndGlobal
